<?xml version="1.0" encoding="utf-8"?>
<Project ToolsVersion="4.0" xmlns="http://schemas.microsoft.com/developer/msbuild/2003">
  <ItemGroup>
    <Filter Include="Source Files">
      <UniqueIdentifier>{4FC737F1-C7A5-4376-A066-2A32D752A2FF}</UniqueIdentifier>
      <Extensions>cpp;c;cc;cxx;def;odl;idl;hpj;bat;asm;asmx</Extensions>
    </Filter>
    <Filter Include="Header Files">
      <UniqueIdentifier>{93995380-89BD-4b04-88EB-625FBE52EBFB}</UniqueIdentifier>
      <Extensions>h;hh;hpp;hxx;hm;inl;inc;ipp;xsd</Extensions>
    </Filter>
    <Filter Include="Resource Files">
      <UniqueIdentifier>{67DA6AB6-F800-4c08-8B7A-83BB121AAD01}</UniqueIdentifier>
      <Extensions>rc;ico;cur;bmp;dlg;rc2;rct;bin;rgs;gif;jpg;jpeg;jpe;resx;tiff;tif;png;wav;mfcribbon-ms</Extensions>
    </Filter>
  </ItemGroup>
  <ItemGroup>
    <ClCompile Include="dllmain.cpp">
      <Filter>Source Files</Filter>
    </ClCompile>
    <ClCompile Include="Source\Camera\Camera.cpp">
      <Filter>Source Files</Filter>
    </ClCompile>
    <ClCompile Include="Source\IO\InputHandler.cpp">
      <Filter>Source Files</Filter>
    </ClCompile>
    <ClCompile Include="Source\IO\IO.cpp">
      <Filter>Source Files</Filter>
    </ClCompile>
    <ClCompile Include="Source\Manager\Manager.cpp">
      <Filter>Source Files</Filter>
    </ClCompile>
    <ClCompile Include="Source\Renderer\RenderCache.cpp">
      <Filter>Source Files</Filter>
    </ClCompile>
    <ClCompile Include="Source\Renderer\Renderer.cpp">
      <Filter>Source Files</Filter>
    </ClCompile>
    <ClCompile Include="Source\Renderer\RenderFoundation.cpp">
      <Filter>Source Files</Filter>
    </ClCompile>
    <ClCompile Include="Source\ThirdParty\glad\glad.c">
      <Filter>Source Files</Filter>
    </ClCompile>
    <ClCompile Include="Source\ThirdParty\nfd\nfd_common.c">
      <Filter>Source Files</Filter>
    </ClCompile>
    <ClCompile Include="Source\ThirdParty\nfd\nfd_win.cpp">
      <Filter>Source Files</Filter>
    </ClCompile>
    <ClCompile Include="Source\ThirdParty\stb\stb_image.cpp">
      <Filter>Source Files</Filter>
    </ClCompile>
    <ClCompile Include="Source\Utility\Utility.cpp">
      <Filter>Source Files</Filter>
    </ClCompile>
    <ClCompile Include="Source\Framework\Abstraction\Framebuffer.cpp">
      <Filter>Source Files</Filter>
    </ClCompile>
    <ClCompile Include="Source\Framework\Abstraction\Lighting.cpp">
      <Filter>Source Files</Filter>
    </ClCompile>
    <ClCompile Include="Source\Framework\Abstraction\Material.cpp">
      <Filter>Source Files</Filter>
    </ClCompile>
    <ClCompile Include="Source\Framework\Abstraction\Model.cpp">
      <Filter>Source Files</Filter>
    </ClCompile>
    <ClCompile Include="Source\Framework\Abstraction\Shader.cpp">
      <Filter>Source Files</Filter>
    </ClCompile>
    <ClCompile Include="Source\Framework\Abstraction\Texture.cpp">
      <Filter>Source Files</Filter>
    </ClCompile>
    <ClCompile Include="Source\Framework\Foundation\Foundations.cpp">
      <Filter>Source Files</Filter>
    </ClCompile>
    <ClCompile Include="Source\Framework\Foundation\Interface.cpp">
      <Filter>Source Files</Filter>
    </ClCompile>
    <ClCompile Include="Source\Framework\Foundation\LowLevelAPI.cpp">
      <Filter>Source Files</Filter>
    </ClCompile>
    <ClCompile Include="Source\Core\Application.cpp">
      <Filter>Source Files</Filter>
    </ClCompile>
    <ClCompile Include="Source\Core\Engine.cpp">
      <Filter>Source Files</Filter>
    </ClCompile>
    <ClCompile Include="Source\Library\GrvtArray.cpp">
      <Filter>Source Files</Filter>
    </ClCompile>
    <ClCompile Include="Source\Library\GrvtHash.cpp">
      <Filter>Source Files</Filter>
    </ClCompile>
    <ClCompile Include="Source\Library\GrvtIterator.cpp">
      <Filter>Source Files</Filter>
    </ClCompile>
    <ClCompile Include="Source\Library\GrvtMap.cpp">
      <Filter>Source Files</Filter>
    </ClCompile>
    <ClCompile Include="Source\Library\GrvtPair.cpp">
      <Filter>Source Files</Filter>
    </ClCompile>
    <ClCompile Include="Source\Library\GrvtString.cpp">
      <Filter>Source Files</Filter>
    </ClCompile>
    <ClCompile Include="Source\Library\GrvtTemplates.cpp">
      <Filter>Source Files</Filter>
    </ClCompile>
    <ClCompile Include="GrvtPch.cpp">
      <Filter>Source Files</Filter>
    </ClCompile>
    <ClCompile Include="Source\Core\Tick.cpp">
      <Filter>Source Files</Filter>
    </ClCompile>
    <ClCompile Include="Source\Profiler\FrameTime.cpp">
      <Filter>Source Files</Filter>
    </ClCompile>
    <ClCompile Include="Source\Core\ReloadModule.cpp">
      <Filter>Source Files</Filter>
    </ClCompile>
    <ClCompile Include="Source\Framework\Abstraction\Actor.cpp">
      <Filter>Source Files</Filter>
    </ClCompile>
    <ClCompile Include="Source\Framework\Abstraction\Scene.cpp">
      <Filter>Source Files</Filter>
    </ClCompile>
    <ClCompile Include="Source\Core\ModelDefaults.cpp">
      <Filter>Source Files</Filter>
    </ClCompile>
    <ClCompile Include="Source\Renderer\DeferredPBR.cpp">
      <Filter>Source Files</Filter>
    </ClCompile>
  </ItemGroup>
  <ItemGroup>
    <ClInclude Include="Include\Framework\Abstraction\Framebuffer.h">
      <Filter>Header Files</Filter>
    </ClInclude>
    <ClInclude Include="Include\Framework\Abstraction\Lighting.h">
      <Filter>Header Files</Filter>
    </ClInclude>
    <ClInclude Include="Include\Framework\Abstraction\Material.h">
      <Filter>Header Files</Filter>
    </ClInclude>
    <ClInclude Include="Include\Framework\Abstraction\Model.h">
      <Filter>Header Files</Filter>
    </ClInclude>
    <ClInclude Include="Include\Framework\Abstraction\Shader.h">
      <Filter>Header Files</Filter>
    </ClInclude>
    <ClInclude Include="Include\Framework\Abstraction\Texture.h">
      <Filter>Header Files</Filter>
    </ClInclude>
    <ClInclude Include="Include\Framework\Foundation\Foundations.h">
      <Filter>Header Files</Filter>
    </ClInclude>
    <ClInclude Include="Include\Framework\Foundation\Interface.h">
      <Filter>Header Files</Filter>
    </ClInclude>
    <ClInclude Include="Include\Framework\Foundation\LowLevelAPI.h">
      <Filter>Header Files</Filter>
    </ClInclude>
    <ClInclude Include="Include\IO\InputHandler.h">
      <Filter>Header Files</Filter>
    </ClInclude>
    <ClInclude Include="Include\IO\IO.h">
      <Filter>Header Files</Filter>
    </ClInclude>
    <ClInclude Include="Include\Manager\Manager.h">
      <Filter>Header Files</Filter>
    </ClInclude>
    <ClInclude Include="Include\Renderer\RenderCache.h">
      <Filter>Header Files</Filter>
    </ClInclude>
    <ClInclude Include="Include\Renderer\Renderer.h">
      <Filter>Header Files</Filter>
    </ClInclude>
    <ClInclude Include="Include\Renderer\RenderFoundation.h">
      <Filter>Header Files</Filter>
    </ClInclude>
    <ClInclude Include="Include\Thirdparty\stb\stb_image.h">
      <Filter>Header Files</Filter>
    </ClInclude>
    <ClInclude Include="Include\Utility\Utility.h">
      <Filter>Header Files</Filter>
    </ClInclude>
    <ClInclude Include="Include\Camera\Camera.h">
      <Filter>Header Files</Filter>
    </ClInclude>
    <ClInclude Include="Include\Core\Application.h">
      <Filter>Header Files</Filter>
    </ClInclude>
    <ClInclude Include="Include\Core\Engine.h">
      <Filter>Header Files</Filter>
    </ClInclude>
    <ClInclude Include="Include\Library\GrvtFoundation.h">
      <Filter>Header Files</Filter>
    </ClInclude>
    <ClInclude Include="Include\Library\GrvtArray.h">
      <Filter>Header Files</Filter>
    </ClInclude>
    <ClInclude Include="Include\Library\GrvtHash.h">
      <Filter>Header Files</Filter>
    </ClInclude>
    <ClInclude Include="Include\Library\GrvtIterator.h">
      <Filter>Header Files</Filter>
    </ClInclude>
    <ClInclude Include="Include\Library\GrvtPair.h">
      <Filter>Header Files</Filter>
    </ClInclude>
    <ClInclude Include="Include\Library\GrvtMap.h">
      <Filter>Header Files</Filter>
    </ClInclude>
    <ClInclude Include="Include\Library\GrvtString.h">
      <Filter>Header Files</Filter>
    </ClInclude>
    <ClInclude Include="Include\Library\GrvtTemplates.h">
      <Filter>Header Files</Filter>
    </ClInclude>
    <ClInclude Include="Minimal.h">
      <Filter>Header Files</Filter>
    </ClInclude>
    <ClInclude Include="GrvtPch.h">
      <Filter>Header Files</Filter>
    </ClInclude>
    <ClInclude Include="EngineAPI.h">
      <Filter>Header Files</Filter>
    </ClInclude>
    <ClInclude Include="Include\Core\Tick.h">
      <Filter>Header Files</Filter>
    </ClInclude>
    <ClInclude Include="Include\Profiler\FrameTime.h">
      <Filter>Header Files</Filter>
    </ClInclude>
    <ClInclude Include="Include\Core\ReloadModule.h">
      <Filter>Header Files</Filter>
    </ClInclude>
    <ClInclude Include="Include\Framework\Abstraction\Actor.h">
      <Filter>Header Files</Filter>
    </ClInclude>
    <ClInclude Include="Include\Framework\Abstraction\Scene.h">
      <Filter>Header Files</Filter>
    </ClInclude>
    <ClInclude Include="Include\Core\ModelDefaults.h">
      <Filter>Header Files</Filter>
    </ClInclude>
    <ClInclude Include="Include\Renderer\DeferredPBR.h">
      <Filter>Header Files</Filter>
    </ClInclude>
  </ItemGroup>
  <ItemGroup>
    <Natvis Include="Orion.natvis" />
  </ItemGroup>
</Project>